PODS:
  - Flutter (1.0.0)
  - flutter_web_auth (0.3.1):
    - Flutter
  - integration_test (0.0.1):
    - Flutter
  - location (0.0.1):
    - Flutter
  - uni_links (0.0.1):
    - Flutter
  - url_launcher (0.0.1):
    - Flutter

DEPENDENCIES:
  - Flutter (from `Flutter`)
  - flutter_web_auth (from `.symlinks/plugins/flutter_web_auth/ios`)
  - integration_test (from `.symlinks/plugins/integration_test/ios`)
  - location (from `.symlinks/plugins/location/ios`)
  - uni_links (from `.symlinks/plugins/uni_links/ios`)
  - url_launcher (from `.symlinks/plugins/url_launcher/ios`)

EXTERNAL SOURCES:
  Flutter:
    :path: Flutter
  flutter_web_auth:
    :path: ".symlinks/plugins/flutter_web_auth/ios"
  integration_test:
    :path: ".symlinks/plugins/integration_test/ios"
  location:
    :path: ".symlinks/plugins/location/ios"
  uni_links:
    :path: ".symlinks/plugins/uni_links/ios"
  url_launcher:
    :path: ".symlinks/plugins/url_launcher/ios"

SPEC CHECKSUMS:
  Flutter: 50d75fe2f02b26cc09d224853bb45737f8b3214a
  flutter_web_auth: eae2fc62b97d9a44c5c2a1ed0404a6ce396e3d7f
  integration_test: 7db6d89f336f671dcbc7563ee27a5b08f6f8aee1
  location: 3a2eed4dd2fab25e7b7baf2a9efefe82b512d740
  uni_links: d97da20c7701486ba192624d99bffaaffcfc298a
  url_launcher: b6e016d912f04be9f5bf6e8e82dc599b7ba59649

PODFILE CHECKSUM: aafe91acc616949ddb318b77800a7f51bffa2a4c

COCOAPODS: 1.11.2
